
Microsoft Visual Studio Solution File, Format Version 12.00
# Visual Studio Version 17
VisualStudioVersion = 17.7.34018.315
MinimumVisualStudioVersion = 10.0.40219.1
Project("{FAE04EC0-301F-11D3-BF4B-00C04F79EFBC}") = "ConsoleApp", "ConsoleApp\ConsoleApp.csproj", "{F5CD774E-E6C1-44F4-90C6-FD965E868E63}"
EndProject
Project("{FAE04EC0-301F-11D3-BF4B-00C04F79EFBC}") = "VirtualMethods", "VirtualMethods\VirtualMethods.csproj", "{5ECC3C09-1DF5-4FCF-BBC1-49F528D01FAC}"
EndProject
Global
	GlobalSection(SolutionConfigurationPlatforms) = preSolution
		Debug|Any CPU = Debug|Any CPU
		Release|Any CPU = Release|Any CPU
	EndGlobalSection
	GlobalSection(ProjectConfigurationPlatforms) = postSolution
		{F5CD774E-E6C1-44F4-90C6-FD965E868E63}.Debug|Any CPU.ActiveCfg = Debug|Any CPU
		{F5CD774E-E6C1-44F4-90C6-FD965E868E63}.Debug|Any CPU.Build.0 = Debug|Any CPU
		{F5CD774E-E6C1-44F4-90C6-FD965E868E63}.Release|Any CPU.ActiveCfg = Release|Any CPU
		{F5CD774E-E6C1-44F4-90C6-FD965E868E63}.Release|Any CPU.Build.0 = Release|Any CPU
		{5ECC3C09-1DF5-4FCF-BBC1-49F528D01FAC}.Debug|Any CPU.ActiveCfg = Debug|Any CPU
		{5ECC3C09-1DF5-4FCF-BBC1-49F528D01FAC}.Debug|Any CPU.Build.0 = Debug|Any CPU
		{5ECC3C09-1DF5-4FCF-BBC1-49F528D01FAC}.Release|Any CPU.ActiveCfg = Release|Any CPU
		{5ECC3C09-1DF5-4FCF-BBC1-49F528D01FAC}.Release|Any CPU.Build.0 = Release|Any CPU
	EndGlobalSection
	GlobalSection(SolutionProperties) = preSolution
		HideSolutionNode = FALSE
	EndGlobalSection
	GlobalSection(ExtensibilityGlobals) = postSolution
		SolutionGuid = {0F81F663-D1C5-4E74-964E-DE4C7DC55D69}
	EndGlobalSection
EndGlobal
